
Microsoft Visual Studio Solution File, Format Version 12.00
# Visual Studio Version 17
VisualStudioVersion = 17.13.35919.96 d17.13
MinimumVisualStudioVersion = 10.0.40219.1
Project("{FAE04EC0-301F-11D3-BF4B-00C04F79EFBC}") = "EventEaseWebApplication", "EventEaseWebApplication.csproj", "{DC29B20C-CC8F-41E7-8AB9-63168D95E2D2}"
EndProject
Global
	GlobalSection(SolutionConfigurationPlatforms) = preSolution
		Debug|Any CPU = Debug|Any CPU
		Release|Any CPU = Release|Any CPU
	EndGlobalSection
	GlobalSection(ProjectConfigurationPlatforms) = postSolution
		{DC29B20C-CC8F-41E7-8AB9-63168D95E2D2}.Debug|Any CPU.ActiveCfg = Debug|Any CPU
		{DC29B20C-CC8F-41E7-8AB9-63168D95E2D2}.Debug|Any CPU.Build.0 = Debug|Any CPU
		{DC29B20C-CC8F-41E7-8AB9-63168D95E2D2}.Release|Any CPU.ActiveCfg = Release|Any CPU
		{DC29B20C-CC8F-41E7-8AB9-63168D95E2D2}.Release|Any CPU.Build.0 = Release|Any CPU
	EndGlobalSection
	GlobalSection(SolutionProperties) = preSolution
		HideSolutionNode = FALSE
	EndGlobalSection
	GlobalSection(ExtensibilityGlobals) = postSolution
		SolutionGuid = {11434629-E248-434D-893E-952A97681F1C}
	EndGlobalSection
EndGlobal
